{
  "_meta": {
    "file-type": "spack-lockfile",
    "lockfile-version": 3,
    "specfile-version": 2
  },
  "roots": [
    {
      "hash": "6gudsmdo3mblmfu435yfukflbpyzjdc4",
      "spec": "cmake"
    },
    {
      "hash": "ll4fv6wx2kqrqldhvne3ltidtctbwlop",
      "spec": "mpich~fortran"
    },
    {
      "hash": "wtle6ecnkjzrxxjgdjyighedzjmua5kr",
      "spec": "boost"
    },
    {
      "hash": "ggx2rpxnirkj2l2zfgxagqcmnsdjlgka",
      "spec": "rocksdb"
    }
  ],
  "concrete_specs": {
    "6gudsmdo3mblmfu435yfukflbpyzjdc4": {
      "name": "cmake",
      "version": "3.21.4",
      "arch": {
        "platform": "linux",
        "platform_os": "ubuntu20.04",
        "target": {
          "name": "zen2",
          "vendor": "AuthenticAMD",
          "features": [
            "abm",
            "aes",
            "avx",
            "avx2",
            "bmi1",
            "bmi2",
            "clflushopt",
            "clwb",
            "clzero",
            "cx16",
            "f16c",
            "fma",
            "fsgsbase",
            "mmx",
            "movbe",
            "pclmulqdq",
            "popcnt",
            "rdseed",
            "sse",
            "sse2",
            "sse4_1",
            "sse4_2",
            "sse4a",
            "ssse3",
            "xsavec",
            "xsaveopt"
          ],
          "generation": 0,
          "parents": [
            "zen"
          ]
        }
      },
      "compiler": {
        "name": "gcc",
        "version": "9.3.0"
      },
      "namespace": "builtin",
      "parameters": {
        "build_type": "Release",
        "doc": false,
        "ncurses": true,
        "openssl": true,
        "ownlibs": true,
        "qt": false,
        "cflags": [],
        "cppflags": [],
        "cxxflags": [],
        "fflags": [],
        "ldflags": [],
        "ldlibs": []
      },
      "dependencies": [
        {
          "name": "ncurses",
          "build_hash": "swdbl63bqypv7usndumnkch6jq5knfzv",
          "type": [
            "build",
            "link"
          ]
        },
        {
          "name": "openssl",
          "build_hash": "zawukwo5b2idt3oiz6okpyopiopcxlx5",
          "type": [
            "build",
            "link"
          ]
        }
      ],
      "hash": "46xubkzkgeee24wn5w6ffenxxzbqn6xc"
    },
    "swdbl63bqypv7usndumnkch6jq5knfzv": {
      "name": "ncurses",
      "version": "6.2",
      "arch": {
        "platform": "linux",
        "platform_os": "ubuntu20.04",
        "target": {
          "name": "zen2",
          "vendor": "AuthenticAMD",
          "features": [
            "abm",
            "aes",
            "avx",
            "avx2",
            "bmi1",
            "bmi2",
            "clflushopt",
            "clwb",
            "clzero",
            "cx16",
            "f16c",
            "fma",
            "fsgsbase",
            "mmx",
            "movbe",
            "pclmulqdq",
            "popcnt",
            "rdseed",
            "sse",
            "sse2",
            "sse4_1",
            "sse4_2",
            "sse4a",
            "ssse3",
            "xsavec",
            "xsaveopt"
          ],
          "generation": 0,
          "parents": [
            "zen"
          ]
        }
      },
      "compiler": {
        "name": "gcc",
        "version": "9.3.0"
      },
      "namespace": "builtin",
      "parameters": {
        "abi": "none",
        "symlinks": false,
        "termlib": true,
        "cflags": [],
        "cppflags": [],
        "cxxflags": [],
        "fflags": [],
        "ldflags": [],
        "ldlibs": []
      },
      "dependencies": [
        {
          "name": "pkgconf",
          "build_hash": "izybkdnqi2scuqh5uzokvmvr62x2x7os",
          "type": [
            "build"
          ]
        }
      ],
      "hash": "s76nhbfwlj74krqyz2vvniq2ufbxqkq5"
    },
    "izybkdnqi2scuqh5uzokvmvr62x2x7os": {
      "name": "pkgconf",
      "version": "1.8.0",
      "arch": {
        "platform": "linux",
        "platform_os": "ubuntu20.04",
        "target": {
          "name": "zen2",
          "vendor": "AuthenticAMD",
          "features": [
            "abm",
            "aes",
            "avx",
            "avx2",
            "bmi1",
            "bmi2",
            "clflushopt",
            "clwb",
            "clzero",
            "cx16",
            "f16c",
            "fma",
            "fsgsbase",
            "mmx",
            "movbe",
            "pclmulqdq",
            "popcnt",
            "rdseed",
            "sse",
            "sse2",
            "sse4_1",
            "sse4_2",
            "sse4a",
            "ssse3",
            "xsavec",
            "xsaveopt"
          ],
          "generation": 0,
          "parents": [
            "zen"
          ]
        }
      },
      "compiler": {
        "name": "gcc",
        "version": "9.3.0"
      },
      "namespace": "builtin",
      "parameters": {
        "cflags": [],
        "cppflags": [],
        "cxxflags": [],
        "fflags": [],
        "ldflags": [],
        "ldlibs": []
      },
      "hash": "izybkdnqi2scuqh5uzokvmvr62x2x7os"
    },
    "zawukwo5b2idt3oiz6okpyopiopcxlx5": {
      "name": "openssl",
      "version": "1.1.1l",
      "arch": {
        "platform": "linux",
        "platform_os": "ubuntu20.04",
        "target": {
          "name": "zen2",
          "vendor": "AuthenticAMD",
          "features": [
            "abm",
            "aes",
            "avx",
            "avx2",
            "bmi1",
            "bmi2",
            "clflushopt",
            "clwb",
            "clzero",
            "cx16",
            "f16c",
            "fma",
            "fsgsbase",
            "mmx",
            "movbe",
            "pclmulqdq",
            "popcnt",
            "rdseed",
            "sse",
            "sse2",
            "sse4_1",
            "sse4_2",
            "sse4a",
            "ssse3",
            "xsavec",
            "xsaveopt"
          ],
          "generation": 0,
          "parents": [
            "zen"
          ]
        }
      },
      "compiler": {
        "name": "gcc",
        "version": "9.3.0"
      },
      "namespace": "builtin",
      "parameters": {
        "certs": "system",
        "docs": false,
        "cflags": [],
        "cppflags": [],
        "cxxflags": [],
        "fflags": [],
        "ldflags": [],
        "ldlibs": []
      },
      "dependencies": [
        {
          "name": "perl",
          "build_hash": "nrce5jwqb5apxuunuphz5rql4w3pdj4x",
          "type": [
            "build"
          ]
        },
        {
          "name": "zlib",
          "build_hash": "whj3n7mok67wqtm5dofead56i6krevxc",
          "type": [
            "build",
            "link"
          ]
        }
      ],
      "hash": "pfqf5i5qnybmasxuv2infomguhhvb2ll"
    },
    "nrce5jwqb5apxuunuphz5rql4w3pdj4x": {
      "name": "perl",
      "version": "5.34.0",
      "arch": {
        "platform": "linux",
        "platform_os": "ubuntu20.04",
        "target": {
          "name": "zen2",
          "vendor": "AuthenticAMD",
          "features": [
            "abm",
            "aes",
            "avx",
            "avx2",
            "bmi1",
            "bmi2",
            "clflushopt",
            "clwb",
            "clzero",
            "cx16",
            "f16c",
            "fma",
            "fsgsbase",
            "mmx",
            "movbe",
            "pclmulqdq",
            "popcnt",
            "rdseed",
            "sse",
            "sse2",
            "sse4_1",
            "sse4_2",
            "sse4a",
            "ssse3",
            "xsavec",
            "xsaveopt"
          ],
          "generation": 0,
          "parents": [
            "zen"
          ]
        }
      },
      "compiler": {
        "name": "gcc",
        "version": "9.3.0"
      },
      "namespace": "builtin",
      "parameters": {
        "cpanm": true,
        "shared": true,
        "threads": true,
        "cflags": [],
        "cppflags": [],
        "cxxflags": [],
        "fflags": [],
        "ldflags": [],
        "ldlibs": []
      },
      "dependencies": [
        {
          "name": "berkeley-db",
          "build_hash": "saforstflagtfktlvcp47xn2po4kvu4j",
          "type": [
            "build",
            "link"
          ]
        },
        {
          "name": "bzip2",
          "build_hash": "xyfbkuxl2pe73flnnjcfxyagaolh55fs",
          "type": [
            "build",
            "link"
          ]
        },
        {
          "name": "gdbm",
          "build_hash": "6zhcl7pffbtiu2agi7x7il2aaxcupbia",
          "type": [
            "build",
            "link"
          ]
        },
        {
          "name": "zlib",
          "build_hash": "whj3n7mok67wqtm5dofead56i6krevxc",
          "type": [
            "build",
            "link"
          ]
        }
      ],
      "hash": "pc3phvpaqm5da5dggnwyc3jwqelpzt7d"
    },
    "saforstflagtfktlvcp47xn2po4kvu4j": {
      "name": "berkeley-db",
      "version": "18.1.40",
      "arch": {
        "platform": "linux",
        "platform_os": "ubuntu20.04",
        "target": {
          "name": "zen2",
          "vendor": "AuthenticAMD",
          "features": [
            "abm",
            "aes",
            "avx",
            "avx2",
            "bmi1",
            "bmi2",
            "clflushopt",
            "clwb",
            "clzero",
            "cx16",
            "f16c",
            "fma",
            "fsgsbase",
            "mmx",
            "movbe",
            "pclmulqdq",
            "popcnt",
            "rdseed",
            "sse",
            "sse2",
            "sse4_1",
            "sse4_2",
            "sse4a",
            "ssse3",
            "xsavec",
            "xsaveopt"
          ],
          "generation": 0,
          "parents": [
            "zen"
          ]
        }
      },
      "compiler": {
        "name": "gcc",
        "version": "9.3.0"
      },
      "namespace": "builtin",
      "parameters": {
        "cxx": true,
        "docs": false,
        "patches": [
          "b231fcc4d5cff05e5c3a4814f6a5af0e9a966428dc2176540d2c05aff41de522"
        ],
        "stl": true,
        "cflags": [],
        "cppflags": [],
        "cxxflags": [],
        "fflags": [],
        "ldflags": [],
        "ldlibs": []
      },
      "patches": [
        "b231fcc4d5cff05e5c3a4814f6a5af0e9a966428dc2176540d2c05aff41de522"
      ],
      "hash": "saforstflagtfktlvcp47xn2po4kvu4j"
    },
    "xyfbkuxl2pe73flnnjcfxyagaolh55fs": {
      "name": "bzip2",
      "version": "1.0.8",
      "arch": {
        "platform": "linux",
        "platform_os": "ubuntu20.04",
        "target": {
          "name": "zen2",
          "vendor": "AuthenticAMD",
          "features": [
            "abm",
            "aes",
            "avx",
            "avx2",
            "bmi1",
            "bmi2",
            "clflushopt",
            "clwb",
            "clzero",
            "cx16",
            "f16c",
            "fma",
            "fsgsbase",
            "mmx",
            "movbe",
            "pclmulqdq",
            "popcnt",
            "rdseed",
            "sse",
            "sse2",
            "sse4_1",
            "sse4_2",
            "sse4a",
            "ssse3",
            "xsavec",
            "xsaveopt"
          ],
          "generation": 0,
          "parents": [
            "zen"
          ]
        }
      },
      "compiler": {
        "name": "gcc",
        "version": "9.3.0"
      },
      "namespace": "builtin",
      "parameters": {
        "debug": false,
        "pic": false,
        "shared": true,
        "cflags": [],
        "cppflags": [],
        "cxxflags": [],
        "fflags": [],
        "ldflags": [],
        "ldlibs": []
      },
      "dependencies": [
        {
          "name": "diffutils",
          "build_hash": "gfl45dssp2i5hgdis4kveqnrwn7wl3du",
          "type": [
            "build"
          ]
        }
      ],
      "hash": "gk3mz66h7c2asfd3zamm3bmnp73bk46f"
    },
    "gfl45dssp2i5hgdis4kveqnrwn7wl3du": {
      "name": "diffutils",
      "version": "3.8",
      "arch": {
        "platform": "linux",
        "platform_os": "ubuntu20.04",
        "target": {
          "name": "zen2",
          "vendor": "AuthenticAMD",
          "features": [
            "abm",
            "aes",
            "avx",
            "avx2",
            "bmi1",
            "bmi2",
            "clflushopt",
            "clwb",
            "clzero",
            "cx16",
            "f16c",
            "fma",
            "fsgsbase",
            "mmx",
            "movbe",
            "pclmulqdq",
            "popcnt",
            "rdseed",
            "sse",
            "sse2",
            "sse4_1",
            "sse4_2",
            "sse4a",
            "ssse3",
            "xsavec",
            "xsaveopt"
          ],
          "generation": 0,
          "parents": [
            "zen"
          ]
        }
      },
      "compiler": {
        "name": "gcc",
        "version": "9.3.0"
      },
      "namespace": "builtin",
      "parameters": {
        "cflags": [],
        "cppflags": [],
        "cxxflags": [],
        "fflags": [],
        "ldflags": [],
        "ldlibs": []
      },
      "dependencies": [
        {
          "name": "libiconv",
          "build_hash": "6cvwkbye3jn7wlcmzbvi5po3amzt7gee",
          "type": [
            "build",
            "link"
          ]
        }
      ],
      "hash": "vtnqdp4ihklrznse2qsskmruz7krvgkw"
    },
    "6cvwkbye3jn7wlcmzbvi5po3amzt7gee": {
      "name": "libiconv",
      "version": "1.16",
      "arch": {
        "platform": "linux",
        "platform_os": "ubuntu20.04",
        "target": {
          "name": "zen2",
          "vendor": "AuthenticAMD",
          "features": [
            "abm",
            "aes",
            "avx",
            "avx2",
            "bmi1",
            "bmi2",
            "clflushopt",
            "clwb",
            "clzero",
            "cx16",
            "f16c",
            "fma",
            "fsgsbase",
            "mmx",
            "movbe",
            "pclmulqdq",
            "popcnt",
            "rdseed",
            "sse",
            "sse2",
            "sse4_1",
            "sse4_2",
            "sse4a",
            "ssse3",
            "xsavec",
            "xsaveopt"
          ],
          "generation": 0,
          "parents": [
            "zen"
          ]
        }
      },
      "compiler": {
        "name": "gcc",
        "version": "9.3.0"
      },
      "namespace": "builtin",
      "parameters": {
        "libs": [
          "shared",
          "static"
        ],
        "cflags": [],
        "cppflags": [],
        "cxxflags": [],
        "fflags": [],
        "ldflags": [],
        "ldlibs": []
      },
      "hash": "6cvwkbye3jn7wlcmzbvi5po3amzt7gee"
    },
    "6zhcl7pffbtiu2agi7x7il2aaxcupbia": {
      "name": "gdbm",
      "version": "1.19",
      "arch": {
        "platform": "linux",
        "platform_os": "ubuntu20.04",
        "target": {
          "name": "zen2",
          "vendor": "AuthenticAMD",
          "features": [
            "abm",
            "aes",
            "avx",
            "avx2",
            "bmi1",
            "bmi2",
            "clflushopt",
            "clwb",
            "clzero",
            "cx16",
            "f16c",
            "fma",
            "fsgsbase",
            "mmx",
            "movbe",
            "pclmulqdq",
            "popcnt",
            "rdseed",
            "sse",
            "sse2",
            "sse4_1",
            "sse4_2",
            "sse4a",
            "ssse3",
            "xsavec",
            "xsaveopt"
          ],
          "generation": 0,
          "parents": [
            "zen"
          ]
        }
      },
      "compiler": {
        "name": "gcc",
        "version": "9.3.0"
      },
      "namespace": "builtin",
      "parameters": {
        "cflags": [],
        "cppflags": [],
        "cxxflags": [],
        "fflags": [],
        "ldflags": [],
        "ldlibs": []
      },
      "dependencies": [
        {
          "name": "readline",
          "build_hash": "zmcuqe75h7mvvwgs46d7462fxbj2yzh7",
          "type": [
            "build",
            "link"
          ]
        }
      ],
      "hash": "ha5rdnyagdmd6poh7yzq2kpfw3t4ulfc"
    },
    "zmcuqe75h7mvvwgs46d7462fxbj2yzh7": {
      "name": "readline",
      "version": "8.1",
      "arch": {
        "platform": "linux",
        "platform_os": "ubuntu20.04",
        "target": {
          "name": "zen2",
          "vendor": "AuthenticAMD",
          "features": [
            "abm",
            "aes",
            "avx",
            "avx2",
            "bmi1",
            "bmi2",
            "clflushopt",
            "clwb",
            "clzero",
            "cx16",
            "f16c",
            "fma",
            "fsgsbase",
            "mmx",
            "movbe",
            "pclmulqdq",
            "popcnt",
            "rdseed",
            "sse",
            "sse2",
            "sse4_1",
            "sse4_2",
            "sse4a",
            "ssse3",
            "xsavec",
            "xsaveopt"
          ],
          "generation": 0,
          "parents": [
            "zen"
          ]
        }
      },
      "compiler": {
        "name": "gcc",
        "version": "9.3.0"
      },
      "namespace": "builtin",
      "parameters": {
        "cflags": [],
        "cppflags": [],
        "cxxflags": [],
        "fflags": [],
        "ldflags": [],
        "ldlibs": []
      },
      "dependencies": [
        {
          "name": "ncurses",
          "build_hash": "swdbl63bqypv7usndumnkch6jq5knfzv",
          "type": [
            "build",
            "link"
          ]
        }
      ],
      "hash": "a2i6r6bvyr2oxuctgghpj2rjofhuqgsg"
    },
    "whj3n7mok67wqtm5dofead56i6krevxc": {
      "name": "zlib",
      "version": "1.2.11",
      "arch": {
        "platform": "linux",
        "platform_os": "ubuntu20.04",
        "target": {
          "name": "zen2",
          "vendor": "AuthenticAMD",
          "features": [
            "abm",
            "aes",
            "avx",
            "avx2",
            "bmi1",
            "bmi2",
            "clflushopt",
            "clwb",
            "clzero",
            "cx16",
            "f16c",
            "fma",
            "fsgsbase",
            "mmx",
            "movbe",
            "pclmulqdq",
            "popcnt",
            "rdseed",
            "sse",
            "sse2",
            "sse4_1",
            "sse4_2",
            "sse4a",
            "ssse3",
            "xsavec",
            "xsaveopt"
          ],
          "generation": 0,
          "parents": [
            "zen"
          ]
        }
      },
      "compiler": {
        "name": "gcc",
        "version": "9.3.0"
      },
      "namespace": "builtin",
      "parameters": {
        "optimize": true,
        "pic": true,
        "shared": true,
        "cflags": [],
        "cppflags": [],
        "cxxflags": [],
        "fflags": [],
        "ldflags": [],
        "ldlibs": []
      },
      "hash": "whj3n7mok67wqtm5dofead56i6krevxc"
    },
    "ll4fv6wx2kqrqldhvne3ltidtctbwlop": {
      "name": "mpich",
      "version": "3.4.2",
      "arch": {
        "platform": "linux",
        "platform_os": "ubuntu20.04",
        "target": {
          "name": "zen2",
          "vendor": "AuthenticAMD",
          "features": [
            "abm",
            "aes",
            "avx",
            "avx2",
            "bmi1",
            "bmi2",
            "clflushopt",
            "clwb",
            "clzero",
            "cx16",
            "f16c",
            "fma",
            "fsgsbase",
            "mmx",
            "movbe",
            "pclmulqdq",
            "popcnt",
            "rdseed",
            "sse",
            "sse2",
            "sse4_1",
            "sse4_2",
            "sse4a",
            "ssse3",
            "xsavec",
            "xsaveopt"
          ],
          "generation": 0,
          "parents": [
            "zen"
          ]
        }
      },
      "compiler": {
        "name": "gcc",
        "version": "9.3.0"
      },
      "namespace": "builtin",
      "parameters": {
        "argobots": false,
        "device": "ch4",
        "fortran": false,
        "hwloc": true,
        "hydra": true,
        "libxml2": true,
        "netmod": "ofi",
        "pci": true,
        "pmi": "pmi",
        "romio": true,
        "slurm": false,
        "verbs": false,
        "wrapperrpath": true,
        "cflags": [],
        "cppflags": [],
        "cxxflags": [],
        "fflags": [],
        "ldflags": [],
        "ldlibs": []
      },
      "dependencies": [
        {
          "name": "findutils",
          "build_hash": "xkkqf43opqgd2jbxgrtmreg2rnliulfz",
          "type": [
            "build"
          ]
        },
        {
          "name": "hwloc",
          "build_hash": "i45dvbcjd6toixss4nnlpalyypbcrpon",
          "type": [
            "build",
            "link"
          ]
        },
        {
          "name": "libfabric",
          "build_hash": "u6d5lr6hnfux23qltsewjok4oczvorhs",
          "type": [
            "build",
            "link"
          ]
        },
        {
          "name": "libpciaccess",
          "build_hash": "6a7qgcedxybf6gls7jnhwysdan5ttx7q",
          "type": [
            "build",
            "link"
          ]
        },
        {
          "name": "libxml2",
          "build_hash": "iabshuu5j2dpa4cphqezuiqkzvawnm4g",
          "type": [
            "build",
            "link"
          ]
        },
        {
          "name": "pkgconf",
          "build_hash": "izybkdnqi2scuqh5uzokvmvr62x2x7os",
          "type": [
            "build"
          ]
        }
      ],
      "hash": "mdwo6ksjewpv7umil2m3i3fhtvjeux2i"
    },
    "xkkqf43opqgd2jbxgrtmreg2rnliulfz": {
      "name": "findutils",
      "version": "4.8.0",
      "arch": {
        "platform": "linux",
        "platform_os": "ubuntu20.04",
        "target": {
          "name": "zen2",
          "vendor": "AuthenticAMD",
          "features": [
            "abm",
            "aes",
            "avx",
            "avx2",
            "bmi1",
            "bmi2",
            "clflushopt",
            "clwb",
            "clzero",
            "cx16",
            "f16c",
            "fma",
            "fsgsbase",
            "mmx",
            "movbe",
            "pclmulqdq",
            "popcnt",
            "rdseed",
            "sse",
            "sse2",
            "sse4_1",
            "sse4_2",
            "sse4a",
            "ssse3",
            "xsavec",
            "xsaveopt"
          ],
          "generation": 0,
          "parents": [
            "zen"
          ]
        }
      },
      "compiler": {
        "name": "gcc",
        "version": "9.3.0"
      },
      "namespace": "builtin",
      "parameters": {
        "cflags": [],
        "cppflags": [],
        "cxxflags": [],
        "fflags": [],
        "ldflags": [],
        "ldlibs": []
      },
      "hash": "xkkqf43opqgd2jbxgrtmreg2rnliulfz"
    },
    "i45dvbcjd6toixss4nnlpalyypbcrpon": {
      "name": "hwloc",
      "version": "2.6.0",
      "arch": {
        "platform": "linux",
        "platform_os": "ubuntu20.04",
        "target": {
          "name": "zen2",
          "vendor": "AuthenticAMD",
          "features": [
            "abm",
            "aes",
            "avx",
            "avx2",
            "bmi1",
            "bmi2",
            "clflushopt",
            "clwb",
            "clzero",
            "cx16",
            "f16c",
            "fma",
            "fsgsbase",
            "mmx",
            "movbe",
            "pclmulqdq",
            "popcnt",
            "rdseed",
            "sse",
            "sse2",
            "sse4_1",
            "sse4_2",
            "sse4a",
            "ssse3",
            "xsavec",
            "xsaveopt"
          ],
          "generation": 0,
          "parents": [
            "zen"
          ]
        }
      },
      "compiler": {
        "name": "gcc",
        "version": "9.3.0"
      },
      "namespace": "builtin",
      "parameters": {
        "cairo": false,
        "cuda": false,
        "gl": false,
        "libudev": false,
        "libxml2": true,
        "netloc": false,
        "nvml": false,
        "opencl": false,
        "pci": true,
        "rocm": false,
        "shared": true,
        "cflags": [],
        "cppflags": [],
        "cxxflags": [],
        "fflags": [],
        "ldflags": [],
        "ldlibs": []
      },
      "dependencies": [
        {
          "name": "libpciaccess",
          "build_hash": "6a7qgcedxybf6gls7jnhwysdan5ttx7q",
          "type": [
            "build",
            "link"
          ]
        },
        {
          "name": "libxml2",
          "build_hash": "iabshuu5j2dpa4cphqezuiqkzvawnm4g",
          "type": [
            "build",
            "link"
          ]
        },
        {
          "name": "ncurses",
          "build_hash": "swdbl63bqypv7usndumnkch6jq5knfzv",
          "type": [
            "build",
            "link"
          ]
        },
        {
          "name": "pkgconf",
          "build_hash": "izybkdnqi2scuqh5uzokvmvr62x2x7os",
          "type": [
            "build"
          ]
        }
      ],
      "hash": "vkkajirlhcoyh67h7uslng2obsws33p4"
    },
    "6a7qgcedxybf6gls7jnhwysdan5ttx7q": {
      "name": "libpciaccess",
      "version": "0.16",
      "arch": {
        "platform": "linux",
        "platform_os": "ubuntu20.04",
        "target": {
          "name": "zen2",
          "vendor": "AuthenticAMD",
          "features": [
            "abm",
            "aes",
            "avx",
            "avx2",
            "bmi1",
            "bmi2",
            "clflushopt",
            "clwb",
            "clzero",
            "cx16",
            "f16c",
            "fma",
            "fsgsbase",
            "mmx",
            "movbe",
            "pclmulqdq",
            "popcnt",
            "rdseed",
            "sse",
            "sse2",
            "sse4_1",
            "sse4_2",
            "sse4a",
            "ssse3",
            "xsavec",
            "xsaveopt"
          ],
          "generation": 0,
          "parents": [
            "zen"
          ]
        }
      },
      "compiler": {
        "name": "gcc",
        "version": "9.3.0"
      },
      "namespace": "builtin",
      "parameters": {
        "cflags": [],
        "cppflags": [],
        "cxxflags": [],
        "fflags": [],
        "ldflags": [],
        "ldlibs": []
      },
      "dependencies": [
        {
          "name": "libtool",
          "build_hash": "g5st3iq5g4nqy42y6lc67zazt7kyphp6",
          "type": [
            "build"
          ]
        },
        {
          "name": "pkgconf",
          "build_hash": "izybkdnqi2scuqh5uzokvmvr62x2x7os",
          "type": [
            "build"
          ]
        },
        {
          "name": "util-macros",
          "build_hash": "xj37fvvrbyx3wyzvank4n7kferyl7wgn",
          "type": [
            "build"
          ]
        }
      ],
      "hash": "kdl2y3q2u5t32roqjniev4piateqqzgb"
    },
    "g5st3iq5g4nqy42y6lc67zazt7kyphp6": {
      "name": "libtool",
      "version": "2.4.6",
      "arch": {
        "platform": "linux",
        "platform_os": "ubuntu20.04",
        "target": {
          "name": "zen2",
          "vendor": "AuthenticAMD",
          "features": [
            "abm",
            "aes",
            "avx",
            "avx2",
            "bmi1",
            "bmi2",
            "clflushopt",
            "clwb",
            "clzero",
            "cx16",
            "f16c",
            "fma",
            "fsgsbase",
            "mmx",
            "movbe",
            "pclmulqdq",
            "popcnt",
            "rdseed",
            "sse",
            "sse2",
            "sse4_1",
            "sse4_2",
            "sse4a",
            "ssse3",
            "xsavec",
            "xsaveopt"
          ],
          "generation": 0,
          "parents": [
            "zen"
          ]
        }
      },
      "compiler": {
        "name": "gcc",
        "version": "9.3.0"
      },
      "namespace": "builtin",
      "parameters": {
        "cflags": [],
        "cppflags": [],
        "cxxflags": [],
        "fflags": [],
        "ldflags": [],
        "ldlibs": []
      },
      "dependencies": [
        {
          "name": "m4",
          "build_hash": "57kcco3g7qq65bevb3rjm75rs7opn2fe",
          "type": [
            "build"
          ]
        }
      ],
      "hash": "63ex67yxwgibeklyc7ym2cxoqu3c4fep"
    },
    "57kcco3g7qq65bevb3rjm75rs7opn2fe": {
      "name": "m4",
      "version": "1.4.19",
      "arch": {
        "platform": "linux",
        "platform_os": "ubuntu20.04",
        "target": {
          "name": "zen2",
          "vendor": "AuthenticAMD",
          "features": [
            "abm",
            "aes",
            "avx",
            "avx2",
            "bmi1",
            "bmi2",
            "clflushopt",
            "clwb",
            "clzero",
            "cx16",
            "f16c",
            "fma",
            "fsgsbase",
            "mmx",
            "movbe",
            "pclmulqdq",
            "popcnt",
            "rdseed",
            "sse",
            "sse2",
            "sse4_1",
            "sse4_2",
            "sse4a",
            "ssse3",
            "xsavec",
            "xsaveopt"
          ],
          "generation": 0,
          "parents": [
            "zen"
          ]
        }
      },
      "compiler": {
        "name": "gcc",
        "version": "9.3.0"
      },
      "namespace": "builtin",
      "parameters": {
        "patches": [
          "9dc5fbd0d5cb1037ab1e6d0ecc74a30df218d0a94bdd5a02759a97f62daca573",
          "bfdffa7c2eb01021d5849b36972c069693654ad826c1a20b53534009a4ec7a89"
        ],
        "sigsegv": true,
        "cflags": [],
        "cppflags": [],
        "cxxflags": [],
        "fflags": [],
        "ldflags": [],
        "ldlibs": []
      },
      "patches": [
        "bfdffa7c2eb01021d5849b36972c069693654ad826c1a20b53534009a4ec7a89",
        "9dc5fbd0d5cb1037ab1e6d0ecc74a30df218d0a94bdd5a02759a97f62daca573"
      ],
      "dependencies": [
        {
          "name": "libsigsegv",
          "build_hash": "26tzm7qfxttvhnjqbcveo3cw5ooij2uv",
          "type": [
            "build",
            "link"
          ]
        }
      ],
      "hash": "jjj5iyn4zjlao7tsfz3pcewldktu3iyw"
    },
    "26tzm7qfxttvhnjqbcveo3cw5ooij2uv": {
      "name": "libsigsegv",
      "version": "2.13",
      "arch": {
        "platform": "linux",
        "platform_os": "ubuntu20.04",
        "target": {
          "name": "zen2",
          "vendor": "AuthenticAMD",
          "features": [
            "abm",
            "aes",
            "avx",
            "avx2",
            "bmi1",
            "bmi2",
            "clflushopt",
            "clwb",
            "clzero",
            "cx16",
            "f16c",
            "fma",
            "fsgsbase",
            "mmx",
            "movbe",
            "pclmulqdq",
            "popcnt",
            "rdseed",
            "sse",
            "sse2",
            "sse4_1",
            "sse4_2",
            "sse4a",
            "ssse3",
            "xsavec",
            "xsaveopt"
          ],
          "generation": 0,
          "parents": [
            "zen"
          ]
        }
      },
      "compiler": {
        "name": "gcc",
        "version": "9.3.0"
      },
      "namespace": "builtin",
      "parameters": {
        "cflags": [],
        "cppflags": [],
        "cxxflags": [],
        "fflags": [],
        "ldflags": [],
        "ldlibs": []
      },
      "hash": "26tzm7qfxttvhnjqbcveo3cw5ooij2uv"
    },
    "xj37fvvrbyx3wyzvank4n7kferyl7wgn": {
      "name": "util-macros",
      "version": "1.19.3",
      "arch": {
        "platform": "linux",
        "platform_os": "ubuntu20.04",
        "target": {
          "name": "zen2",
          "vendor": "AuthenticAMD",
          "features": [
            "abm",
            "aes",
            "avx",
            "avx2",
            "bmi1",
            "bmi2",
            "clflushopt",
            "clwb",
            "clzero",
            "cx16",
            "f16c",
            "fma",
            "fsgsbase",
            "mmx",
            "movbe",
            "pclmulqdq",
            "popcnt",
            "rdseed",
            "sse",
            "sse2",
            "sse4_1",
            "sse4_2",
            "sse4a",
            "ssse3",
            "xsavec",
            "xsaveopt"
          ],
          "generation": 0,
          "parents": [
            "zen"
          ]
        }
      },
      "compiler": {
        "name": "gcc",
        "version": "9.3.0"
      },
      "namespace": "builtin",
      "parameters": {
        "cflags": [],
        "cppflags": [],
        "cxxflags": [],
        "fflags": [],
        "ldflags": [],
        "ldlibs": []
      },
      "hash": "xj37fvvrbyx3wyzvank4n7kferyl7wgn"
    },
    "iabshuu5j2dpa4cphqezuiqkzvawnm4g": {
      "name": "libxml2",
      "version": "2.9.12",
      "arch": {
        "platform": "linux",
        "platform_os": "ubuntu20.04",
        "target": {
          "name": "zen2",
          "vendor": "AuthenticAMD",
          "features": [
            "abm",
            "aes",
            "avx",
            "avx2",
            "bmi1",
            "bmi2",
            "clflushopt",
            "clwb",
            "clzero",
            "cx16",
            "f16c",
            "fma",
            "fsgsbase",
            "mmx",
            "movbe",
            "pclmulqdq",
            "popcnt",
            "rdseed",
            "sse",
            "sse2",
            "sse4_1",
            "sse4_2",
            "sse4a",
            "ssse3",
            "xsavec",
            "xsaveopt"
          ],
          "generation": 0,
          "parents": [
            "zen"
          ]
        }
      },
      "compiler": {
        "name": "gcc",
        "version": "9.3.0"
      },
      "namespace": "builtin",
      "parameters": {
        "python": false,
        "cflags": [],
        "cppflags": [],
        "cxxflags": [],
        "fflags": [],
        "ldflags": [],
        "ldlibs": []
      },
      "dependencies": [
        {
          "name": "libiconv",
          "build_hash": "6cvwkbye3jn7wlcmzbvi5po3amzt7gee",
          "type": [
            "build",
            "link"
          ]
        },
        {
          "name": "pkgconf",
          "build_hash": "izybkdnqi2scuqh5uzokvmvr62x2x7os",
          "type": [
            "build"
          ]
        },
        {
          "name": "xz",
          "build_hash": "74ydxri5j5u7o4qxazi55uuwl3y6nom4",
          "type": [
            "build",
            "link"
          ]
        },
        {
          "name": "zlib",
          "build_hash": "whj3n7mok67wqtm5dofead56i6krevxc",
          "type": [
            "build",
            "link"
          ]
        }
      ],
      "hash": "pahfvvcceu4wyhwwa64umdfcrxowat2u"
    },
    "74ydxri5j5u7o4qxazi55uuwl3y6nom4": {
      "name": "xz",
      "version": "5.2.5",
      "arch": {
        "platform": "linux",
        "platform_os": "ubuntu20.04",
        "target": {
          "name": "zen2",
          "vendor": "AuthenticAMD",
          "features": [
            "abm",
            "aes",
            "avx",
            "avx2",
            "bmi1",
            "bmi2",
            "clflushopt",
            "clwb",
            "clzero",
            "cx16",
            "f16c",
            "fma",
            "fsgsbase",
            "mmx",
            "movbe",
            "pclmulqdq",
            "popcnt",
            "rdseed",
            "sse",
            "sse2",
            "sse4_1",
            "sse4_2",
            "sse4a",
            "ssse3",
            "xsavec",
            "xsaveopt"
          ],
          "generation": 0,
          "parents": [
            "zen"
          ]
        }
      },
      "compiler": {
        "name": "gcc",
        "version": "9.3.0"
      },
      "namespace": "builtin",
      "parameters": {
        "libs": [
          "shared",
          "static"
        ],
        "pic": false,
        "cflags": [],
        "cppflags": [],
        "cxxflags": [],
        "fflags": [],
        "ldflags": [],
        "ldlibs": []
      },
      "hash": "74ydxri5j5u7o4qxazi55uuwl3y6nom4"
    },
    "u6d5lr6hnfux23qltsewjok4oczvorhs": {
      "name": "libfabric",
      "version": "1.13.2",
      "arch": {
        "platform": "linux",
        "platform_os": "ubuntu20.04",
        "target": {
          "name": "zen2",
          "vendor": "AuthenticAMD",
          "features": [
            "abm",
            "aes",
            "avx",
            "avx2",
            "bmi1",
            "bmi2",
            "clflushopt",
            "clwb",
            "clzero",
            "cx16",
            "f16c",
            "fma",
            "fsgsbase",
            "mmx",
            "movbe",
            "pclmulqdq",
            "popcnt",
            "rdseed",
            "sse",
            "sse2",
            "sse4_1",
            "sse4_2",
            "sse4a",
            "ssse3",
            "xsavec",
            "xsaveopt"
          ],
          "generation": 0,
          "parents": [
            "zen"
          ]
        }
      },
      "compiler": {
        "name": "gcc",
        "version": "9.3.0"
      },
      "namespace": "builtin",
      "parameters": {
        "debug": false,
        "fabrics": [
          "sockets",
          "tcp",
          "udp"
        ],
        "kdreg": false,
        "cflags": [],
        "cppflags": [],
        "cxxflags": [],
        "fflags": [],
        "ldflags": [],
        "ldlibs": []
      },
      "hash": "u6d5lr6hnfux23qltsewjok4oczvorhs"
    },
    "wtle6ecnkjzrxxjgdjyighedzjmua5kr": {
      "name": "boost",
      "version": "1.77.0",
      "arch": {
        "platform": "linux",
        "platform_os": "ubuntu20.04",
        "target": {
          "name": "zen2",
          "vendor": "AuthenticAMD",
          "features": [
            "abm",
            "aes",
            "avx",
            "avx2",
            "bmi1",
            "bmi2",
            "clflushopt",
            "clwb",
            "clzero",
            "cx16",
            "f16c",
            "fma",
            "fsgsbase",
            "mmx",
            "movbe",
            "pclmulqdq",
            "popcnt",
            "rdseed",
            "sse",
            "sse2",
            "sse4_1",
            "sse4_2",
            "sse4a",
            "ssse3",
            "xsavec",
            "xsaveopt"
          ],
          "generation": 0,
          "parents": [
            "zen"
          ]
        }
      },
      "compiler": {
        "name": "gcc",
        "version": "9.3.0"
      },
      "namespace": "builtin",
      "parameters": {
        "atomic": true,
        "chrono": true,
        "clanglibcpp": false,
        "container": false,
        "context": false,
        "coroutine": false,
        "cxxstd": "98",
        "date_time": true,
        "debug": false,
        "exception": true,
        "fiber": false,
        "filesystem": true,
        "graph": true,
        "icu": false,
        "iostreams": true,
        "locale": true,
        "log": true,
        "math": true,
        "mpi": false,
        "multithreaded": true,
        "numpy": false,
        "patches": [
          "93f4aad8f88d1437e50d95a2d066390ef3753b99ef5de24f7a46bc083bd6df06"
        ],
        "pic": false,
        "program_options": true,
        "python": false,
        "random": true,
        "regex": true,
        "serialization": true,
        "shared": true,
        "signals": true,
        "singlethreaded": false,
        "system": true,
        "taggedlayout": false,
        "test": true,
        "thread": true,
        "timer": true,
        "versionedlayout": false,
        "visibility": "hidden",
        "wave": true,
        "cflags": [],
        "cppflags": [],
        "cxxflags": [],
        "fflags": [],
        "ldflags": [],
        "ldlibs": []
      },
      "patches": [
        "93f4aad8f88d1437e50d95a2d066390ef3753b99ef5de24f7a46bc083bd6df06"
      ],
      "dependencies": [
        {
          "name": "bzip2",
          "build_hash": "xyfbkuxl2pe73flnnjcfxyagaolh55fs",
          "type": [
            "build",
            "link"
          ]
        },
        {
          "name": "zlib",
          "build_hash": "whj3n7mok67wqtm5dofead56i6krevxc",
          "type": [
            "build",
            "link"
          ]
        }
      ],
      "hash": "hdotzutcx2a4pp5cmkbc3bw5g34xwu4x"
    },
    "ggx2rpxnirkj2l2zfgxagqcmnsdjlgka": {
      "name": "rocksdb",
      "version": "6.20.3",
      "arch": {
        "platform": "linux",
        "platform_os": "ubuntu20.04",
        "target": {
          "name": "zen2",
          "vendor": "AuthenticAMD",
          "features": [
            "abm",
            "aes",
            "avx",
            "avx2",
            "bmi1",
            "bmi2",
            "clflushopt",
            "clwb",
            "clzero",
            "cx16",
            "f16c",
            "fma",
            "fsgsbase",
            "mmx",
            "movbe",
            "pclmulqdq",
            "popcnt",
            "rdseed",
            "sse",
            "sse2",
            "sse4_1",
            "sse4_2",
            "sse4a",
            "ssse3",
            "xsavec",
            "xsaveopt"
          ],
          "generation": 0,
          "parents": [
            "zen"
          ]
        }
      },
      "compiler": {
        "name": "gcc",
        "version": "9.3.0"
      },
      "namespace": "builtin",
      "parameters": {
        "bz2": false,
        "lz4": true,
        "patches": [
          "9a8833a09a0d6fb7b3fcf77e445b78ca86fb0a3638c1b9ef3716ff476eb6a82c"
        ],
        "shared": true,
        "snappy": false,
        "static": true,
        "tbb": false,
        "zlib": true,
        "zstd": false,
        "cflags": [],
        "cppflags": [],
        "cxxflags": [],
        "fflags": [],
        "ldflags": [],
        "ldlibs": []
      },
      "patches": [
        "9a8833a09a0d6fb7b3fcf77e445b78ca86fb0a3638c1b9ef3716ff476eb6a82c"
      ],
      "dependencies": [
        {
          "name": "gflags",
          "build_hash": "vvjkbnwku7n6p2e5fjunybqwozblv7wp",
          "type": [
            "build",
            "link"
          ]
        },
        {
          "name": "lz4",
          "build_hash": "6m7dct2pygnn4iob47pdbhn6dxfhiryd",
          "type": [
            "build",
            "link"
          ]
        },
        {
          "name": "zlib",
          "build_hash": "whj3n7mok67wqtm5dofead56i6krevxc",
          "type": [
            "build",
            "link"
          ]
        }
      ],
      "hash": "hqiuiit4ltk2mlp63bjfxrbobjeugjji"
    },
    "vvjkbnwku7n6p2e5fjunybqwozblv7wp": {
      "name": "gflags",
      "version": "2.2.2",
      "arch": {
        "platform": "linux",
        "platform_os": "ubuntu20.04",
        "target": {
          "name": "zen2",
          "vendor": "AuthenticAMD",
          "features": [
            "abm",
            "aes",
            "avx",
            "avx2",
            "bmi1",
            "bmi2",
            "clflushopt",
            "clwb",
            "clzero",
            "cx16",
            "f16c",
            "fma",
            "fsgsbase",
            "mmx",
            "movbe",
            "pclmulqdq",
            "popcnt",
            "rdseed",
            "sse",
            "sse2",
            "sse4_1",
            "sse4_2",
            "sse4a",
            "ssse3",
            "xsavec",
            "xsaveopt"
          ],
          "generation": 0,
          "parents": [
            "zen"
          ]
        }
      },
      "compiler": {
        "name": "gcc",
        "version": "9.3.0"
      },
      "namespace": "builtin",
      "parameters": {
        "build_type": "RelWithDebInfo",
        "ipo": false,
        "cflags": [],
        "cppflags": [],
        "cxxflags": [],
        "fflags": [],
        "ldflags": [],
        "ldlibs": []
      },
      "dependencies": [
        {
          "name": "cmake",
          "build_hash": "6gudsmdo3mblmfu435yfukflbpyzjdc4",
          "type": [
            "build"
          ]
        }
      ],
      "hash": "ox4tyrqhbgp5ewkoa47rso44ye5elof2"
    },
    "6m7dct2pygnn4iob47pdbhn6dxfhiryd": {
      "name": "lz4",
      "version": "1.9.3",
      "arch": {
        "platform": "linux",
        "platform_os": "ubuntu20.04",
        "target": {
          "name": "zen2",
          "vendor": "AuthenticAMD",
          "features": [
            "abm",
            "aes",
            "avx",
            "avx2",
            "bmi1",
            "bmi2",
            "clflushopt",
            "clwb",
            "clzero",
            "cx16",
            "f16c",
            "fma",
            "fsgsbase",
            "mmx",
            "movbe",
            "pclmulqdq",
            "popcnt",
            "rdseed",
            "sse",
            "sse2",
            "sse4_1",
            "sse4_2",
            "sse4a",
            "ssse3",
            "xsavec",
            "xsaveopt"
          ],
          "generation": 0,
          "parents": [
            "zen"
          ]
        }
      },
      "compiler": {
        "name": "gcc",
        "version": "9.3.0"
      },
      "namespace": "builtin",
      "parameters": {
        "libs": [
          "shared",
          "static"
        ],
        "cflags": [],
        "cppflags": [],
        "cxxflags": [],
        "fflags": [],
        "ldflags": [],
        "ldlibs": []
      },
      "hash": "6m7dct2pygnn4iob47pdbhn6dxfhiryd"
    }
  }
}